# Windows x64 / CPython 3.12 CPU LPBF wheel lock. Generated 2026-09-15.
# Install with pip --require-hashes; GPU/CALPHAD/micrograph stacks are outside this lock.
# annotated_types-0.8.0-py3-none-any.whl
annotated-types==0.8.0 --hash=sha256:f072f4d804ea359e4eaf198b1af7a8b0943881a87f31bb764f8bf219bb9419e0
# numpy-2.2.6-cp312-cp312-win_amd64.whl
numpy==2.2.6 --hash=sha256:c1f9540be57940698ed329904db803cf7a402f3fc200bfe599334c9bd84a40b2
# pydantic_core-2.46.5-cp312-cp312-win_amd64.whl
pydantic-core==2.46.5 --hash=sha256:5e81740c09e310f5aa5cbd3e434a01c154d4bef93241c7877b39f211d2b78ba8
# pydantic-2.13.5-py3-none-any.whl
pydantic==2.13.5 --hash=sha256:346a034f080da3755d8e9cb5e00e8b07de1d39e4f6e2c87d8ab7cafa0b269a73
# scipy-1.15.3-cp312-cp312-win_amd64.whl
scipy==1.15.3 --hash=sha256:52092bc0472cfd17df49ff17e70624345efece4e1a12b23783a1ac59a1b728ed
# typing_extensions-4.16.0-py3-none-any.whl
typing-extensions==4.16.0 --hash=sha256:481caa481374e813c1b176ada14e97f1f67a4539ce9cfeb3f350d78d6370c2e8
# typing_inspection-0.4.4-py3-none-any.whl
typing-inspection==0.4.4 --hash=sha256:65b8397ba37ccbce054456aaccddfc91e6e3083c92824df348d96ca832f3f147
# Extended 2026-10-07 with pycalphad==0.11.2 and its dependency closure (CALPHAD); hashes are the wheels pinned in the scientific lock.
# colorama-0.4.6-py2.py3-none-any.whl
colorama==0.4.6 --hash=sha256:4f1d9991f5acc0ca119f9d443620b77f9d6b33703e51011c16baf57afb285fc6
# contourpy-1.4.0-cp312-cp312-win_amd64.whl
contourpy==1.4.0 --hash=sha256:6e697d94e69f499ff6bebb899cae97a58d5d14f0e1fe9568b43a0248d2f9af8c
# coverage-7.16.1-cp312-cp312-win_amd64.whl
coverage==7.16.1 --hash=sha256:d0f02c633630e2b74522108ee95a84ad6e1204a8016a6cca5297f335ea27147e
# cycler-0.12.1-py3-none-any.whl
cycler==0.12.1 --hash=sha256:85cef7cff222d8644161529808465972e51340599459b8ac3ccbac5a854e0d30
# flexcache-0.3-py3-none-any.whl
flexcache==0.3 --hash=sha256:d43c9fea82336af6e0115e308d9d33a185390b8346a017564611f1466dcd2e32
# flexparser-0.4-py3-none-any.whl
flexparser==0.4 --hash=sha256:3738b456192dcb3e15620f324c447721023c0293f6af9955b481e91d00179846
# fonttools-4.65.0-cp312-cp312-win_amd64.whl
fonttools==4.65.0 --hash=sha256:3b5d9ba89edf778b376e669b879ae33a198bf45cf5a23c3f6514f935cf9d0d9d
# iniconfig-2.3.0-py3-none-any.whl
iniconfig==2.3.0 --hash=sha256:f631c04d2c48c52b84d0d0549c99ff3859c98df65b3101406327ecc7d53fbf12
# kiwisolver-1.5.1-cp312-cp312-win_amd64.whl
kiwisolver==1.5.1 --hash=sha256:06a6917674de9e0fe3f66f5430787f59a9f2ddb64af9b714eaec547e29ef5c19
# matplotlib-3.11.2-cp312-cp312-win_amd64.whl
matplotlib==3.11.2 --hash=sha256:c5c1c68ee401fc98271263410f0e5ce88285abacf7627132914e8adf3d70ff43
# packaging-26.3-py3-none-any.whl
packaging==26.3 --hash=sha256:d7193f7c8e4e93f444fde0262bf90af30e16fa0ad0ad44cb553c87339b23cd1c
# pandas-3.0.5-cp312-cp312-win_amd64.whl
pandas==3.0.5 --hash=sha256:80a611068e8a3ac23f7398c6c14eb46dc974e5cc9997f653e2dcfd1da74edd41
# pillow-12.3.0-cp312-cp312-win_amd64.whl
pillow==12.3.0 --hash=sha256:a2b55dd6b2a4c4b7d87ffa56bdb33fdc5fdb9a462173861a7bc097f17d91cb09
# pint-0.26.1-py3-none-any.whl
pint==0.26.1 --hash=sha256:e982b129415c09c63308f314ae44697d83e5c96f253bcc0d5b833fc3329eb6d4
# platformdirs-4.11.8-py3-none-any.whl
platformdirs==4.11.8 --hash=sha256:52f2f181bbfde907966932cc8312d967d02976422d66d537ea16092b8e291081
# pluggy-1.6.0-py3-none-any.whl
pluggy==1.6.0 --hash=sha256:e920276dd6813095e9377c0bc5566d94c932c33b27a3e3945d8389c374dd4746
# pycalphad-0.11.2-cp312-cp312-win_amd64.whl
pycalphad==0.11.2 --hash=sha256:53f6547738d02abb7349606548cce11747e22fc8a1308a1b866fb627e713ac58
# pygments-2.21.0-py3-none-any.whl
pygments==2.21.0 --hash=sha256:2363c69b61c4a97c838da3b130dcd6468f4848992b21a82f2a63ec34377137d9
# pyparsing-3.3.2-py3-none-any.whl
pyparsing==3.3.2 --hash=sha256:850ba148bd908d7e2411587e247a1e4f0327839c40e2e5e6d05a007ecc69911d
# pytest-9.1.1-py3-none-any.whl
pytest==9.1.1 --hash=sha256:37a86b45efb9a47a61a36449063e8e18d0cab3161329fc099eb21783169c4f0c
# pytest_cov-7.1.0-py3-none-any.whl
pytest-cov==7.1.0 --hash=sha256:a0461110b7865f9a271aa1b51e516c9a95de9d696734a2f71e3e78f46e1d4678
# python_dateutil-2.9.0.post0-py2.py3-none-any.whl
python-dateutil==2.9.0.post0 --hash=sha256:a8b2bc7bffae282281c8140a97d3aa9c14da0b136dfe83f850eea9a5f7470427
# runtype-0.5.3-py3-none-any.whl
runtype==0.5.3 --hash=sha256:ea8cc6828217ebfda5c159dce969e832efd865a09d6ad1fc993f5bf5e1a627ee
# setuptools-78.1.0-py3-none-any.whl
setuptools==78.1.0 --hash=sha256:3e386e96793c8702ae83d17b853fb93d3e09ef82ec62722e61da5cd22376dcd8
# setuptools_scm-10.3.2-py3-none-any.whl
setuptools-scm==10.3.2 --hash=sha256:809fe6c5842ba8daedfa4d5959f2774c14106adeed55d8985f0455e1f9cf50c3
# six-1.17.0-py2.py3-none-any.whl
six==1.17.0 --hash=sha256:4721f391ed90541fddacab5acf947aa0d3dc7d27b2e1e8eda2be8970586c3274
# symengine-0.13.0-cp312-cp312-win_amd64.whl
symengine==0.13.0 --hash=sha256:bced0a1dbdb94737c299384c85ddbad6944ce8dadc334f7bb8dbbd8f6c965807
# tinydb-4.9.0-py3-none-any.whl
tinydb==4.9.0 --hash=sha256:111f1f680978a1b7c534d698dd1d76739ff31c74c27fd26a111140b51d8b35d6
# tzdata-2026.4-py2.py3-none-any.whl
tzdata==2026.4 --hash=sha256:c2169a8b0a7a5e9674da5a135ccdfb2b3e671b333ed9fed17b41f73c34476e81
# vcs_versioning-2.4.0-py3-none-any.whl
vcs-versioning==2.4.0 --hash=sha256:874a70bcd196b956a105852074554f498554d75399904fb1024002af79ad396c
# xarray-2026.7.0-py3-none-any.whl
xarray==2026.7.0 --hash=sha256:bf9dd130b93806dc78e90c1b7ac24851b31557b888674c53622235691cf21824
